{
    "_meta": {
        "hash": {
            "sha256": "88478fce22a768d6d64c4d00f600248ba84730ec57372216a06cc6f32d8ba256"
        },
        "pipfile-spec": 6,
        "requires": {
            "python_version": "3.10"
        },
        "sources": [
            {
                "name": "pypi",
                "url": "https://pypi.org/simple",
                "verify_ssl": true
            }
        ]
    },
    "default": {
        "scons": {
            "hashes": [
                "sha256:bacac880ba2e86d6a156c116e2f8f2bfa82b257046f3ac2666c85c53c615c338",
                "sha256:d2db1a22eb6039e97cbbb0106f18f435af033d0aad190299c9688378e2810a5e"
            ],
            "index": "pypi",
            "markers": "python_version >= '3.7'",
            "version": "==4.9.1"
        }
    },
    "develop": {}
}
